
Microsoft Visual Studio Solution File, Format Version 12.00
# Visual Studio Version 16
VisualStudioVersion = 16.0.31321.278
MinimumVisualStudioVersion = 10.0.40219.1
Project("{E24C65DC-7377-472B-9ABA-BC803B73C61A}") = "Software1256", "Software1256\", "{43879665-EDD2-4FE5-963E-6110A66F6AFF}"
	ProjectSection(WebsiteProperties) = preProject
		TargetFrameworkMoniker = ".NETFramework,Version%3Dv4.7.2"
		Debug.AspNetCompiler.VirtualPath = "/localhost_56425"
		Debug.AspNetCompiler.PhysicalPath = "Software1256\"
		Debug.AspNetCompiler.TargetPath = "PrecompiledWeb\localhost_56425\"
		Debug.AspNetCompiler.Updateable = "true"
		Debug.AspNetCompiler.ForceOverwrite = "true"
		Debug.AspNetCompiler.FixedNames = "false"
		Debug.AspNetCompiler.Debug = "True"
		Release.AspNetCompiler.VirtualPath = "/localhost_56425"
		Release.AspNetCompiler.PhysicalPath = "Software1256\"
		Release.AspNetCompiler.TargetPath = "PrecompiledWeb\localhost_56425\"
		Release.AspNetCompiler.Updateable = "true"
		Release.AspNetCompiler.ForceOverwrite = "true"
		Release.AspNetCompiler.FixedNames = "false"
		Release.AspNetCompiler.Debug = "False"
		VWDPort = "56425"
		SlnRelativePath = "Software1256\"
		DefaultWebSiteLanguage = "Visual C#"
	EndProjectSection
EndProject
Global
	GlobalSection(SolutionConfigurationPlatforms) = preSolution
		Debug|Any CPU = Debug|Any CPU
	EndGlobalSection
	GlobalSection(ProjectConfigurationPlatforms) = postSolution
		{43879665-EDD2-4FE5-963E-6110A66F6AFF}.Debug|Any CPU.ActiveCfg = Debug|Any CPU
		{43879665-EDD2-4FE5-963E-6110A66F6AFF}.Debug|Any CPU.Build.0 = Debug|Any CPU
	EndGlobalSection
	GlobalSection(SolutionProperties) = preSolution
		HideSolutionNode = FALSE
	EndGlobalSection
	GlobalSection(ExtensibilityGlobals) = postSolution
		SolutionGuid = {B19986E3-711D-462C-8B85-F9ECD7AEACAF}
	EndGlobalSection
EndGlobal
